
Microsoft Visual Studio Solution File, Format Version 12.00
# Visual Studio 15
Project("{FAE04EC0-301F-11D3-BF4B-00C04F79EFBC}") = "OOADProject.Android", "OOADProject.Android\OOADProject.Android.csproj", "{1F8B758F-3C62-49A1-B5B5-549465E8D0C5}"
EndProject
Project("{FAE04EC0-301F-11D3-BF4B-00C04F79EFBC}") = "OOADProject.iOS", "OOADProject.iOS\OOADProject.iOS.csproj", "{6F0913AC-E5B9-474D-997B-A2865D0F1CC1}"
EndProject
Project("{FAE04EC0-301F-11D3-BF4B-00C04F79EFBC}") = "OOADProject", "OOADProject\OOADProject.csproj", "{9C14A526-B03E-4ACE-A563-71F214C82ADD}"
EndProject
Global
	GlobalSection(SolutionConfigurationPlatforms) = preSolution
		Debug|Any CPU = Debug|Any CPU
		Release|Any CPU = Release|Any CPU
		Debug|iPhoneSimulator = Debug|iPhoneSimulator
		Release|iPhoneSimulator = Release|iPhoneSimulator
		Debug|iPhone = Debug|iPhone
		Release|iPhone = Release|iPhone
		Ad-Hoc|iPhone = Ad-Hoc|iPhone
		AppStore|iPhone = AppStore|iPhone
	EndGlobalSection
	GlobalSection(ProjectConfigurationPlatforms) = postSolution
		{1F8B758F-3C62-49A1-B5B5-549465E8D0C5}.Debug|Any CPU.ActiveCfg = Debug|Any CPU
		{1F8B758F-3C62-49A1-B5B5-549465E8D0C5}.Debug|Any CPU.Build.0 = Debug|Any CPU
		{1F8B758F-3C62-49A1-B5B5-549465E8D0C5}.Release|Any CPU.ActiveCfg = Release|Any CPU
		{1F8B758F-3C62-49A1-B5B5-549465E8D0C5}.Release|Any CPU.Build.0 = Release|Any CPU
		{1F8B758F-3C62-49A1-B5B5-549465E8D0C5}.Debug|iPhoneSimulator.ActiveCfg = Debug|Any CPU
		{1F8B758F-3C62-49A1-B5B5-549465E8D0C5}.Debug|iPhoneSimulator.Build.0 = Debug|Any CPU
		{1F8B758F-3C62-49A1-B5B5-549465E8D0C5}.Release|iPhoneSimulator.ActiveCfg = Release|Any CPU
		{1F8B758F-3C62-49A1-B5B5-549465E8D0C5}.Release|iPhoneSimulator.Build.0 = Release|Any CPU
		{1F8B758F-3C62-49A1-B5B5-549465E8D0C5}.Debug|iPhone.ActiveCfg = Debug|Any CPU
		{1F8B758F-3C62-49A1-B5B5-549465E8D0C5}.Debug|iPhone.Build.0 = Debug|Any CPU
		{1F8B758F-3C62-49A1-B5B5-549465E8D0C5}.Release|iPhone.ActiveCfg = Release|Any CPU
		{1F8B758F-3C62-49A1-B5B5-549465E8D0C5}.Release|iPhone.Build.0 = Release|Any CPU
		{1F8B758F-3C62-49A1-B5B5-549465E8D0C5}.Ad-Hoc|iPhone.ActiveCfg = Debug|Any CPU
		{1F8B758F-3C62-49A1-B5B5-549465E8D0C5}.Ad-Hoc|iPhone.Build.0 = Debug|Any CPU
		{1F8B758F-3C62-49A1-B5B5-549465E8D0C5}.AppStore|iPhone.ActiveCfg = Debug|Any CPU
		{1F8B758F-3C62-49A1-B5B5-549465E8D0C5}.AppStore|iPhone.Build.0 = Debug|Any CPU
		{6F0913AC-E5B9-474D-997B-A2865D0F1CC1}.Debug|Any CPU.ActiveCfg = Debug|iPhoneSimulator
		{6F0913AC-E5B9-474D-997B-A2865D0F1CC1}.Debug|Any CPU.Build.0 = Debug|iPhoneSimulator
		{6F0913AC-E5B9-474D-997B-A2865D0F1CC1}.Release|Any CPU.ActiveCfg = Release|iPhoneSimulator
		{6F0913AC-E5B9-474D-997B-A2865D0F1CC1}.Release|Any CPU.Build.0 = Release|iPhoneSimulator
		{6F0913AC-E5B9-474D-997B-A2865D0F1CC1}.Debug|iPhoneSimulator.ActiveCfg = Debug|iPhoneSimulator
		{6F0913AC-E5B9-474D-997B-A2865D0F1CC1}.Debug|iPhoneSimulator.Build.0 = Debug|iPhoneSimulator
		{6F0913AC-E5B9-474D-997B-A2865D0F1CC1}.Release|iPhoneSimulator.ActiveCfg = Release|iPhoneSimulator
		{6F0913AC-E5B9-474D-997B-A2865D0F1CC1}.Release|iPhoneSimulator.Build.0 = Release|iPhoneSimulator
		{6F0913AC-E5B9-474D-997B-A2865D0F1CC1}.Debug|iPhone.ActiveCfg = Debug|iPhone
		{6F0913AC-E5B9-474D-997B-A2865D0F1CC1}.Debug|iPhone.Build.0 = Debug|iPhone
		{6F0913AC-E5B9-474D-997B-A2865D0F1CC1}.Release|iPhone.ActiveCfg = Release|iPhone
		{6F0913AC-E5B9-474D-997B-A2865D0F1CC1}.Release|iPhone.Build.0 = Release|iPhone
		{6F0913AC-E5B9-474D-997B-A2865D0F1CC1}.Ad-Hoc|iPhone.ActiveCfg = Ad-Hoc|iPhone
		{6F0913AC-E5B9-474D-997B-A2865D0F1CC1}.Ad-Hoc|iPhone.Build.0 = Ad-Hoc|iPhone
		{6F0913AC-E5B9-474D-997B-A2865D0F1CC1}.AppStore|iPhone.ActiveCfg = AppStore|iPhone
		{6F0913AC-E5B9-474D-997B-A2865D0F1CC1}.AppStore|iPhone.Build.0 = AppStore|iPhone
		{9C14A526-B03E-4ACE-A563-71F214C82ADD}.Debug|Any CPU.ActiveCfg = Debug|Any CPU
		{9C14A526-B03E-4ACE-A563-71F214C82ADD}.Debug|Any CPU.Build.0 = Debug|Any CPU
		{9C14A526-B03E-4ACE-A563-71F214C82ADD}.Release|Any CPU.ActiveCfg = Release|Any CPU
		{9C14A526-B03E-4ACE-A563-71F214C82ADD}.Release|Any CPU.Build.0 = Release|Any CPU
		{9C14A526-B03E-4ACE-A563-71F214C82ADD}.Debug|iPhoneSimulator.ActiveCfg = Debug|Any CPU
		{9C14A526-B03E-4ACE-A563-71F214C82ADD}.Debug|iPhoneSimulator.Build.0 = Debug|Any CPU
		{9C14A526-B03E-4ACE-A563-71F214C82ADD}.Release|iPhoneSimulator.ActiveCfg = Release|Any CPU
		{9C14A526-B03E-4ACE-A563-71F214C82ADD}.Release|iPhoneSimulator.Build.0 = Release|Any CPU
		{9C14A526-B03E-4ACE-A563-71F214C82ADD}.Debug|iPhone.ActiveCfg = Debug|Any CPU
		{9C14A526-B03E-4ACE-A563-71F214C82ADD}.Debug|iPhone.Build.0 = Debug|Any CPU
		{9C14A526-B03E-4ACE-A563-71F214C82ADD}.Release|iPhone.ActiveCfg = Release|Any CPU
		{9C14A526-B03E-4ACE-A563-71F214C82ADD}.Release|iPhone.Build.0 = Release|Any CPU
		{9C14A526-B03E-4ACE-A563-71F214C82ADD}.Ad-Hoc|iPhone.ActiveCfg = Debug|Any CPU
		{9C14A526-B03E-4ACE-A563-71F214C82ADD}.Ad-Hoc|iPhone.Build.0 = Debug|Any CPU
		{9C14A526-B03E-4ACE-A563-71F214C82ADD}.AppStore|iPhone.ActiveCfg = Debug|Any CPU
		{9C14A526-B03E-4ACE-A563-71F214C82ADD}.AppStore|iPhone.Build.0 = Debug|Any CPU
	EndGlobalSection
EndGlobal
